header:
    version: 14
overrides:
    repos:
        oe-core:
            commit: 31edc0b82a3dc7b1dd0338da4a8d0d8f5a1dc138
        bitbake:
            commit: 797b0a348d7426d03459e577feacd3488fdeee47
        meta-arm:
            commit: 3c07303388bf1fa286bbb6f5b5b6189635787103
        meta-openembedded:
            commit: 39321ae90b64e8f2bd890a2957a5f80e74d4de30
        meta-virtualization:
            commit: 022f4356d4a9b389f51472d40a9330aa59f6bb9a
        meta-audioreach:
            commit: 263007cb243b9b6bf0b85619fa0daf7eeb9eca38
        meta-selinux:
            commit: 1ba26da4b9bec3f102bd831efe0db00c7d61f7f2
        meta-updater:
            commit: 7f5eef0421e966234230ee8f4e4a93e3fc8e3ac6
        meta-security:
            commit: 226839ac408223f8041cde1b1d8b762d6fbc8050
        meta-dpdk:
            commit: c4e58978ce61c47c2f54206e07f9ad46be2ed257
